
Microsoft Visual Studio Solution File, Format Version 12.00
# Visual Studio 15
VisualStudioVersion = 15.0.26730.12
MinimumVisualStudioVersion = 10.0.40219.1
Project("{FAE04EC0-301F-11D3-BF4B-00C04F79EFBC}") = "PongJypeli", "PongJypeli\PongJypeli\PongJypeli.csproj", "{2B7E8BA3-1971-4886-93BB-9ADBFB2AD8CD}"
EndProject
Project("{96E2B04D-8817-42C6-938A-82C39BA4D311}") = "PongJypeliContent", "PongJypeli\PongJypeliContent\PongJypeliContent.contentproj", "{EBC2DBEA-7613-462D-9C5A-020B84EE9AD1}"
EndProject
Global
	GlobalSection(SolutionConfigurationPlatforms) = preSolution
		Debug|x86 = Debug|x86
		Release|x86 = Release|x86
	EndGlobalSection
	GlobalSection(ProjectConfigurationPlatforms) = postSolution
		{2B7E8BA3-1971-4886-93BB-9ADBFB2AD8CD}.Debug|x86.ActiveCfg = Debug|x86
		{2B7E8BA3-1971-4886-93BB-9ADBFB2AD8CD}.Debug|x86.Build.0 = Debug|x86
		{2B7E8BA3-1971-4886-93BB-9ADBFB2AD8CD}.Release|x86.ActiveCfg = Release|x86
		{2B7E8BA3-1971-4886-93BB-9ADBFB2AD8CD}.Release|x86.Build.0 = Release|x86
		{EBC2DBEA-7613-462D-9C5A-020B84EE9AD1}.Debug|x86.ActiveCfg = Debug|x86
		{EBC2DBEA-7613-462D-9C5A-020B84EE9AD1}.Release|x86.ActiveCfg = Release|x86
	EndGlobalSection
	GlobalSection(SolutionProperties) = preSolution
		HideSolutionNode = FALSE
	EndGlobalSection
	GlobalSection(ExtensibilityGlobals) = postSolution
		SolutionGuid = {EA67E016-9731-4423-8803-207B9453F1A1}
	EndGlobalSection
EndGlobal
